{
  "pins" : [
    {
      "identity" : "backgroundremoval",
      "kind" : "remoteSourceControl",
      "location" : "https://github.com/Ezaldeen99/BackgroundRemoval",
      "state" : {
        "branch" : "main",
        "revision" : "3f3da746509cdfeefb837d35ba5ba620cd53bcfe"
      }
    },
    {
      "identity" : "swiftuimasonry",
      "kind" : "remoteSourceControl",
      "location" : "https://github.com/ciaranrobrien/SwiftUIMasonry",
      "state" : {
        "branch" : "main",
        "revision" : "651f84e32edd11919874fbd9167b50ecb60a72db"
      }
    }
  ],
  "version" : 2
}
