// !$*UTF8*$!
{
	archiveVersion = 1;
	classes = {
	};
	objectVersion = 56;
	objects = {

/* Begin PBXBuildFile section */
		7952B59B2B66074D00D73019 /* CustomVideoPlayerView.swift in Sources */ = {isa = PBXBuildFile; fileRef = 7952B59A2B66074D00D73019 /* CustomVideoPlayerView.swift */; };
		7952B59D2B6608EC00D73019 /* handleVideo.swift in Sources */ = {isa = PBXBuildFile; fileRef = 7952B59C2B6608EC00D73019 /* handleVideo.swift */; };
		7952B59F2B660A3700D73019 /* VideoDownloadManager.swift in Sources */ = {isa = PBXBuildFile; fileRef = 7952B59E2B660A3700D73019 /* VideoDownloadManager.swift */; };
		79530ACE2B62FDB500C87FAE /* Grabit_ProtocolBaseApp.swift in Sources */ = {isa = PBXBuildFile; fileRef = 79530ACD2B62FDB500C87FAE /* Grabit_ProtocolBaseApp.swift */; };
		79530AD22B62FDB600C87FAE /* Assets.xcassets in Resources */ = {isa = PBXBuildFile; fileRef = 79530AD12B62FDB600C87FAE /* Assets.xcassets */; };
		79530AD52B62FDB600C87FAE /* Preview Assets.xcassets in Resources */ = {isa = PBXBuildFile; fileRef = 79530AD42B62FDB600C87FAE /* Preview Assets.xcassets */; };
		79530ADD2B62FDED00C87FAE /* Protocol.swift in Sources */ = {isa = PBXBuildFile; fileRef = 79530ADC2B62FDED00C87FAE /* Protocol.swift */; };
		79530ADF2B62FE2B00C87FAE /* BoardView.swift in Sources */ = {isa = PBXBuildFile; fileRef = 79530ADE2B62FE2B00C87FAE /* BoardView.swift */; };
		79530AE22B62FE6400C87FAE /* SwiftUIMasonry in Frameworks */ = {isa = PBXBuildFile; productRef = 79530AE12B62FE6400C87FAE /* SwiftUIMasonry */; };
		79530AE42B62FE8800C87FAE /* URLPreviewViewModel.swift in Sources */ = {isa = PBXBuildFile; fileRef = 79530AE32B62FE8800C87FAE /* URLPreviewViewModel.swift */; };
		79530AF12B6300B600C87FAE /* URLUtilities.swift in Sources */ = {isa = PBXBuildFile; fileRef = 79530AF02B6300B600C87FAE /* URLUtilities.swift */; };
		79530AF32B6301C300C87FAE /* CustomURLPreviewView.swift in Sources */ = {isa = PBXBuildFile; fileRef = 79530AF22B6301C300C87FAE /* CustomURLPreviewView.swift */; };
		79530AFD2B631AB800C87FAE /* addItem.swift in Sources */ = {isa = PBXBuildFile; fileRef = 79530AFC2B631AB800C87FAE /* addItem.swift */; };
		79530B002B631AF200C87FAE /* removeItem.swift in Sources */ = {isa = PBXBuildFile; fileRef = 79530AFF2B631AF200C87FAE /* removeItem.swift */; };
		79530B022B631B1600C87FAE /* handleDropInto.swift in Sources */ = {isa = PBXBuildFile; fileRef = 79530B012B631B1600C87FAE /* handleDropInto.swift */; };
		79530B042B631B3E00C87FAE /* handleDragAway.swift in Sources */ = {isa = PBXBuildFile; fileRef = 79530B032B631B3E00C87FAE /* handleDragAway.swift */; };
		79530B062B631B5D00C87FAE /* createItemProvider.swift in Sources */ = {isa = PBXBuildFile; fileRef = 79530B052B631B5D00C87FAE /* createItemProvider.swift */; };
		79530B0B2B631BE100C87FAE /* copy.swift in Sources */ = {isa = PBXBuildFile; fileRef = 79530B0A2B631BE100C87FAE /* copy.swift */; };
		79530B0D2B631BF500C87FAE /* handlePaste.swift in Sources */ = {isa = PBXBuildFile; fileRef = 79530B0C2B631BF500C87FAE /* handlePaste.swift */; };
		79530B0F2B631C3B00C87FAE /* toggleSelection.swift in Sources */ = {isa = PBXBuildFile; fileRef = 79530B0E2B631C3B00C87FAE /* toggleSelection.swift */; };
		79530B122B631C9800C87FAE /* createViewModel.swift in Sources */ = {isa = PBXBuildFile; fileRef = 79530B112B631C9800C87FAE /* createViewModel.swift */; };
		79530B142B631CD700C87FAE /* navigateToURL.swift in Sources */ = {isa = PBXBuildFile; fileRef = 79530B132B631CD700C87FAE /* navigateToURL.swift */; };
		79530B172B631D3300C87FAE /* itemActionsView.swift in Sources */ = {isa = PBXBuildFile; fileRef = 79530B162B631D3300C87FAE /* itemActionsView.swift */; };
		79530B192B631D5300C87FAE /* masonryItem.swift in Sources */ = {isa = PBXBuildFile; fileRef = 79530B182B631D5300C87FAE /* masonryItem.swift */; };
		79530B1B2B631D7600C87FAE /* masonryView.swift in Sources */ = {isa = PBXBuildFile; fileRef = 79530B1A2B631D7600C87FAE /* masonryView.swift */; };
		79530B1D2B631D9A00C87FAE /* materialBackground.swift in Sources */ = {isa = PBXBuildFile; fileRef = 79530B1C2B631D9A00C87FAE /* materialBackground.swift */; };
		79530B222B631E3900C87FAE /* handlePlainText.swift in Sources */ = {isa = PBXBuildFile; fileRef = 79530B212B631E3900C87FAE /* handlePlainText.swift */; };
		79530B242B631E4C00C87FAE /* handleImage.swift in Sources */ = {isa = PBXBuildFile; fileRef = 79530B232B631E4C00C87FAE /* handleImage.swift */; };
		79530B262B631E8C00C87FAE /* handleURL.swift in Sources */ = {isa = PBXBuildFile; fileRef = 79530B252B631E8C00C87FAE /* handleURL.swift */; };
		79530B2A2B633BF300C87FAE /* CustomPDFPreviewView.swift in Sources */ = {isa = PBXBuildFile; fileRef = 79530B292B633BF300C87FAE /* CustomPDFPreviewView.swift */; };
		79530B2C2B633CE700C87FAE /* handlePDF.swift in Sources */ = {isa = PBXBuildFile; fileRef = 79530B2B2B633CE700C87FAE /* handlePDF.swift */; };
		7968AB4D2B7B1F63008317B0 /* SettingsView.swift in Sources */ = {isa = PBXBuildFile; fileRef = 7968AB4C2B7B1F63008317B0 /* SettingsView.swift */; };
		798E95C92B68865800E1BE57 /* BoardSettingsView.swift in Sources */ = {isa = PBXBuildFile; fileRef = 798E95C82B68865800E1BE57 /* BoardSettingsView.swift */; };
		798E95CB2B68987900E1BE57 /* BoardViewModel.swift in Sources */ = {isa = PBXBuildFile; fileRef = 798E95CA2B68987900E1BE57 /* BoardViewModel.swift */; };
		79BA2F5C2B64C57100AA4BF2 /* HomeView.swift in Sources */ = {isa = PBXBuildFile; fileRef = 79BA2F5B2B64C57100AA4BF2 /* HomeView.swift */; };
		79C2E8532B677CF300ACA377 /* Model.xcdatamodeld in Sources */ = {isa = PBXBuildFile; fileRef = 79C2E8512B677CF300ACA377 /* Model.xcdatamodeld */; };
		79C2E8562B677FC500ACA377 /* CoreDataStack.swift in Sources */ = {isa = PBXBuildFile; fileRef = 79C2E8552B677FC500ACA377 /* CoreDataStack.swift */; };
/* End PBXBuildFile section */

/* Begin PBXFileReference section */
		7952B59A2B66074D00D73019 /* CustomVideoPlayerView.swift */ = {isa = PBXFileReference; lastKnownFileType = sourcecode.swift; path = CustomVideoPlayerView.swift; sourceTree = "<group>"; };
		7952B59C2B6608EC00D73019 /* handleVideo.swift */ = {isa = PBXFileReference; lastKnownFileType = sourcecode.swift; path = handleVideo.swift; sourceTree = "<group>"; };
		7952B59E2B660A3700D73019 /* VideoDownloadManager.swift */ = {isa = PBXFileReference; lastKnownFileType = sourcecode.swift; path = VideoDownloadManager.swift; sourceTree = "<group>"; };
		79530AC62B62FDB500C87FAE /* Grabit_ProtocolBase.app */ = {isa = PBXFileReference; explicitFileType = wrapper.application; includeInIndex = 0; path = Grabit_ProtocolBase.app; sourceTree = BUILT_PRODUCTS_DIR; };
		79530ACD2B62FDB500C87FAE /* Grabit_ProtocolBaseApp.swift */ = {isa = PBXFileReference; lastKnownFileType = sourcecode.swift; path = Grabit_ProtocolBaseApp.swift; sourceTree = "<group>"; };
		79530AD12B62FDB600C87FAE /* Assets.xcassets */ = {isa = PBXFileReference; lastKnownFileType = folder.assetcatalog; path = Assets.xcassets; sourceTree = "<group>"; };
		79530AD42B62FDB600C87FAE /* Preview Assets.xcassets */ = {isa = PBXFileReference; lastKnownFileType = folder.assetcatalog; path = "Preview Assets.xcassets"; sourceTree = "<group>"; };
		79530AD62B62FDB600C87FAE /* Info.plist */ = {isa = PBXFileReference; lastKnownFileType = text.plist.xml; path = Info.plist; sourceTree = "<group>"; };
		79530ADC2B62FDED00C87FAE /* Protocol.swift */ = {isa = PBXFileReference; lastKnownFileType = sourcecode.swift; path = Protocol.swift; sourceTree = "<group>"; };
		79530ADE2B62FE2B00C87FAE /* BoardView.swift */ = {isa = PBXFileReference; lastKnownFileType = sourcecode.swift; path = BoardView.swift; sourceTree = "<group>"; };
		79530AE32B62FE8800C87FAE /* URLPreviewViewModel.swift */ = {isa = PBXFileReference; lastKnownFileType = sourcecode.swift; path = URLPreviewViewModel.swift; sourceTree = "<group>"; };
		79530AF02B6300B600C87FAE /* URLUtilities.swift */ = {isa = PBXFileReference; lastKnownFileType = sourcecode.swift; path = URLUtilities.swift; sourceTree = "<group>"; };
		79530AF22B6301C300C87FAE /* CustomURLPreviewView.swift */ = {isa = PBXFileReference; lastKnownFileType = sourcecode.swift; path = CustomURLPreviewView.swift; sourceTree = "<group>"; };
		79530AFC2B631AB800C87FAE /* addItem.swift */ = {isa = PBXFileReference; lastKnownFileType = sourcecode.swift; path = addItem.swift; sourceTree = "<group>"; };
		79530AFF2B631AF200C87FAE /* removeItem.swift */ = {isa = PBXFileReference; lastKnownFileType = sourcecode.swift; path = removeItem.swift; sourceTree = "<group>"; };
		79530B012B631B1600C87FAE /* handleDropInto.swift */ = {isa = PBXFileReference; lastKnownFileType = sourcecode.swift; path = handleDropInto.swift; sourceTree = "<group>"; };
		79530B032B631B3E00C87FAE /* handleDragAway.swift */ = {isa = PBXFileReference; lastKnownFileType = sourcecode.swift; path = handleDragAway.swift; sourceTree = "<group>"; };
		79530B052B631B5D00C87FAE /* createItemProvider.swift */ = {isa = PBXFileReference; lastKnownFileType = sourcecode.swift; path = createItemProvider.swift; sourceTree = "<group>"; };
		79530B0A2B631BE100C87FAE /* copy.swift */ = {isa = PBXFileReference; lastKnownFileType = sourcecode.swift; path = copy.swift; sourceTree = "<group>"; };
		79530B0C2B631BF500C87FAE /* handlePaste.swift */ = {isa = PBXFileReference; lastKnownFileType = sourcecode.swift; path = handlePaste.swift; sourceTree = "<group>"; };
		79530B0E2B631C3B00C87FAE /* toggleSelection.swift */ = {isa = PBXFileReference; lastKnownFileType = sourcecode.swift; path = toggleSelection.swift; sourceTree = "<group>"; };
		79530B112B631C9800C87FAE /* createViewModel.swift */ = {isa = PBXFileReference; lastKnownFileType = sourcecode.swift; path = createViewModel.swift; sourceTree = "<group>"; };
		79530B132B631CD700C87FAE /* navigateToURL.swift */ = {isa = PBXFileReference; lastKnownFileType = sourcecode.swift; path = navigateToURL.swift; sourceTree = "<group>"; };
		79530B162B631D3300C87FAE /* itemActionsView.swift */ = {isa = PBXFileReference; lastKnownFileType = sourcecode.swift; path = itemActionsView.swift; sourceTree = "<group>"; };
		79530B182B631D5300C87FAE /* masonryItem.swift */ = {isa = PBXFileReference; lastKnownFileType = sourcecode.swift; path = masonryItem.swift; sourceTree = "<group>"; };
		79530B1A2B631D7600C87FAE /* masonryView.swift */ = {isa = PBXFileReference; lastKnownFileType = sourcecode.swift; path = masonryView.swift; sourceTree = "<group>"; };
		79530B1C2B631D9A00C87FAE /* materialBackground.swift */ = {isa = PBXFileReference; lastKnownFileType = sourcecode.swift; path = materialBackground.swift; sourceTree = "<group>"; };
		79530B212B631E3900C87FAE /* handlePlainText.swift */ = {isa = PBXFileReference; lastKnownFileType = sourcecode.swift; path = handlePlainText.swift; sourceTree = "<group>"; };
		79530B232B631E4C00C87FAE /* handleImage.swift */ = {isa = PBXFileReference; lastKnownFileType = sourcecode.swift; path = handleImage.swift; sourceTree = "<group>"; };
		79530B252B631E8C00C87FAE /* handleURL.swift */ = {isa = PBXFileReference; lastKnownFileType = sourcecode.swift; path = handleURL.swift; sourceTree = "<group>"; };
		79530B292B633BF300C87FAE /* CustomPDFPreviewView.swift */ = {isa = PBXFileReference; lastKnownFileType = sourcecode.swift; path = CustomPDFPreviewView.swift; sourceTree = "<group>"; };
		79530B2B2B633CE700C87FAE /* handlePDF.swift */ = {isa = PBXFileReference; lastKnownFileType = sourcecode.swift; path = handlePDF.swift; sourceTree = "<group>"; };
		7968AB4C2B7B1F63008317B0 /* SettingsView.swift */ = {isa = PBXFileReference; lastKnownFileType = sourcecode.swift; path = SettingsView.swift; sourceTree = "<group>"; };
		798E95C82B68865800E1BE57 /* BoardSettingsView.swift */ = {isa = PBXFileReference; lastKnownFileType = sourcecode.swift; path = BoardSettingsView.swift; sourceTree = "<group>"; };
		798E95CA2B68987900E1BE57 /* BoardViewModel.swift */ = {isa = PBXFileReference; lastKnownFileType = sourcecode.swift; path = BoardViewModel.swift; sourceTree = "<group>"; };
		79BA2F5B2B64C57100AA4BF2 /* HomeView.swift */ = {isa = PBXFileReference; lastKnownFileType = sourcecode.swift; path = HomeView.swift; sourceTree = "<group>"; };
		79C2E8522B677CF300ACA377 /* Model.xcdatamodel */ = {isa = PBXFileReference; lastKnownFileType = wrapper.xcdatamodel; path = Model.xcdatamodel; sourceTree = "<group>"; };
		79C2E8552B677FC500ACA377 /* CoreDataStack.swift */ = {isa = PBXFileReference; lastKnownFileType = sourcecode.swift; path = CoreDataStack.swift; sourceTree = "<group>"; };
/* End PBXFileReference section */

/* Begin PBXFrameworksBuildPhase section */
		79530AC32B62FDB500C87FAE /* Frameworks */ = {
			isa = PBXFrameworksBuildPhase;
			buildActionMask = 2147483647;
			files = (
				79530AE22B62FE6400C87FAE /* SwiftUIMasonry in Frameworks */,
			);
			runOnlyForDeploymentPostprocessing = 0;
		};
/* End PBXFrameworksBuildPhase section */

/* Begin PBXGroup section */
		79530ABD2B62FDB500C87FAE = {
			isa = PBXGroup;
			children = (
				79530AC82B62FDB500C87FAE /* Grabit_ProtocolBase */,
				79530AC72B62FDB500C87FAE /* Products */,
			);
			sourceTree = "<group>";
		};
		79530AC72B62FDB500C87FAE /* Products */ = {
			isa = PBXGroup;
			children = (
				79530AC62B62FDB500C87FAE /* Grabit_ProtocolBase.app */,
			);
			name = Products;
			sourceTree = "<group>";
		};
		79530AC82B62FDB500C87FAE /* Grabit_ProtocolBase */ = {
			isa = PBXGroup;
			children = (
				79C2E8542B677FB500ACA377 /* Models */,
				79BA2F5B2B64C57100AA4BF2 /* HomeView.swift */,
				7968AB4C2B7B1F63008317B0 /* SettingsView.swift */,
				798E95C82B68865800E1BE57 /* BoardSettingsView.swift */,
				79530B1F2B631DE700C87FAE /* View Models */,
				79530AFA2B631A8000C87FAE /* Board View */,
				79530AF82B631A1200C87FAE /* Protocol */,
				79530ACD2B62FDB500C87FAE /* Grabit_ProtocolBaseApp.swift */,
				79530AD12B62FDB600C87FAE /* Assets.xcassets */,
				79530AD62B62FDB600C87FAE /* Info.plist */,
				79530AD32B62FDB600C87FAE /* Preview Content */,
			);
			path = Grabit_ProtocolBase;
			sourceTree = "<group>";
		};
		79530AD32B62FDB600C87FAE /* Preview Content */ = {
			isa = PBXGroup;
			children = (
				79530AD42B62FDB600C87FAE /* Preview Assets.xcassets */,
			);
			path = "Preview Content";
			sourceTree = "<group>";
		};
		79530AF82B631A1200C87FAE /* Protocol */ = {
			isa = PBXGroup;
			children = (
				79530AF92B631A5700C87FAE /* Custom "Previews" */,
				79530ADC2B62FDED00C87FAE /* Protocol.swift */,
			);
			path = Protocol;
			sourceTree = "<group>";
		};
		79530AF92B631A5700C87FAE /* Custom "Previews" */ = {
			isa = PBXGroup;
			children = (
				79530AF22B6301C300C87FAE /* CustomURLPreviewView.swift */,
				79530B292B633BF300C87FAE /* CustomPDFPreviewView.swift */,
				7952B59A2B66074D00D73019 /* CustomVideoPlayerView.swift */,
			);
			path = "Custom \"Previews\"";
			sourceTree = "<group>";
		};
		79530AFA2B631A8000C87FAE /* Board View */ = {
			isa = PBXGroup;
			children = (
				79530B152B631D0400C87FAE /* Sub-Views */,
				79530AFB2B631AA500C87FAE /* Functions */,
				79530ADE2B62FE2B00C87FAE /* BoardView.swift */,
			);
			path = "Board View";
			sourceTree = "<group>";
		};
		79530AFB2B631AA500C87FAE /* Functions */ = {
			isa = PBXGroup;
			children = (
				79530B202B631E2000C87FAE /* Type Handling */,
				79530B072B631B9500C87FAE /* Modifiers */,
				79530AFE2B631ACF00C87FAE /* CRUD */,
			);
			path = Functions;
			sourceTree = "<group>";
		};
		79530AFE2B631ACF00C87FAE /* CRUD */ = {
			isa = PBXGroup;
			children = (
				79530AFC2B631AB800C87FAE /* addItem.swift */,
				79530AFF2B631AF200C87FAE /* removeItem.swift */,
				79530B012B631B1600C87FAE /* handleDropInto.swift */,
				79530B032B631B3E00C87FAE /* handleDragAway.swift */,
				79530B052B631B5D00C87FAE /* createItemProvider.swift */,
				79530B112B631C9800C87FAE /* createViewModel.swift */,
			);
			path = CRUD;
			sourceTree = "<group>";
		};
		79530B072B631B9500C87FAE /* Modifiers */ = {
			isa = PBXGroup;
			children = (
				79530B0A2B631BE100C87FAE /* copy.swift */,
				79530B0C2B631BF500C87FAE /* handlePaste.swift */,
				79530B0E2B631C3B00C87FAE /* toggleSelection.swift */,
				79530B132B631CD700C87FAE /* navigateToURL.swift */,
			);
			path = Modifiers;
			sourceTree = "<group>";
		};
		79530B152B631D0400C87FAE /* Sub-Views */ = {
			isa = PBXGroup;
			children = (
				79530B162B631D3300C87FAE /* itemActionsView.swift */,
				79530B182B631D5300C87FAE /* masonryItem.swift */,
				79530B1A2B631D7600C87FAE /* masonryView.swift */,
				79530B1C2B631D9A00C87FAE /* materialBackground.swift */,
			);
			path = "Sub-Views";
			sourceTree = "<group>";
		};
		79530B1F2B631DE700C87FAE /* View Models */ = {
			isa = PBXGroup;
			children = (
				79530AE32B62FE8800C87FAE /* URLPreviewViewModel.swift */,
				79530AF02B6300B600C87FAE /* URLUtilities.swift */,
				7952B59E2B660A3700D73019 /* VideoDownloadManager.swift */,
				798E95CA2B68987900E1BE57 /* BoardViewModel.swift */,
			);
			path = "View Models";
			sourceTree = "<group>";
		};
		79530B202B631E2000C87FAE /* Type Handling */ = {
			isa = PBXGroup;
			children = (
				79530B212B631E3900C87FAE /* handlePlainText.swift */,
				79530B232B631E4C00C87FAE /* handleImage.swift */,
				79530B252B631E8C00C87FAE /* handleURL.swift */,
				79530B2B2B633CE700C87FAE /* handlePDF.swift */,
				7952B59C2B6608EC00D73019 /* handleVideo.swift */,
			);
			path = "Type Handling";
			sourceTree = "<group>";
		};
		79C2E8542B677FB500ACA377 /* Models */ = {
			isa = PBXGroup;
			children = (
				79C2E8512B677CF300ACA377 /* Model.xcdatamodeld */,
				79C2E8552B677FC500ACA377 /* CoreDataStack.swift */,
			);
			path = Models;
			sourceTree = "<group>";
		};
/* End PBXGroup section */

/* Begin PBXNativeTarget section */
		79530AC52B62FDB500C87FAE /* Grabit_ProtocolBase */ = {
			isa = PBXNativeTarget;
			buildConfigurationList = 79530AD92B62FDB600C87FAE /* Build configuration list for PBXNativeTarget "Grabit_ProtocolBase" */;
			buildPhases = (
				79530AC22B62FDB500C87FAE /* Sources */,
				79530AC32B62FDB500C87FAE /* Frameworks */,
				79530AC42B62FDB500C87FAE /* Resources */,
			);
			buildRules = (
			);
			dependencies = (
			);
			name = Grabit_ProtocolBase;
			packageProductDependencies = (
				79530AE12B62FE6400C87FAE /* SwiftUIMasonry */,
			);
			productName = Grabit_ProtocolBase;
			productReference = 79530AC62B62FDB500C87FAE /* Grabit_ProtocolBase.app */;
			productType = "com.apple.product-type.application";
		};
/* End PBXNativeTarget section */

/* Begin PBXProject section */
		79530ABE2B62FDB500C87FAE /* Project object */ = {
			isa = PBXProject;
			attributes = {
				BuildIndependentTargetsInParallel = 1;
				LastSwiftUpdateCheck = 1520;
				LastUpgradeCheck = 1520;
				TargetAttributes = {
					79530AC52B62FDB500C87FAE = {
						CreatedOnToolsVersion = 15.2;
					};
				};
			};
			buildConfigurationList = 79530AC12B62FDB500C87FAE /* Build configuration list for PBXProject "Grabit_ProtocolBase" */;
			compatibilityVersion = "Xcode 14.0";
			developmentRegion = en;
			hasScannedForEncodings = 0;
			knownRegions = (
				en,
				Base,
			);
			mainGroup = 79530ABD2B62FDB500C87FAE;
			packageReferences = (
				79530AE02B62FE6400C87FAE /* XCRemoteSwiftPackageReference "SwiftUIMasonry" */,
			);
			productRefGroup = 79530AC72B62FDB500C87FAE /* Products */;
			projectDirPath = "";
			projectRoot = "";
			targets = (
				79530AC52B62FDB500C87FAE /* Grabit_ProtocolBase */,
			);
		};
/* End PBXProject section */

/* Begin PBXResourcesBuildPhase section */
		79530AC42B62FDB500C87FAE /* Resources */ = {
			isa = PBXResourcesBuildPhase;
			buildActionMask = 2147483647;
			files = (
				79530AD52B62FDB600C87FAE /* Preview Assets.xcassets in Resources */,
				79530AD22B62FDB600C87FAE /* Assets.xcassets in Resources */,
			);
			runOnlyForDeploymentPostprocessing = 0;
		};
/* End PBXResourcesBuildPhase section */

/* Begin PBXSourcesBuildPhase section */
		79530AC22B62FDB500C87FAE /* Sources */ = {
			isa = PBXSourcesBuildPhase;
			buildActionMask = 2147483647;
			files = (
				79530AF32B6301C300C87FAE /* CustomURLPreviewView.swift in Sources */,
				79530B2A2B633BF300C87FAE /* CustomPDFPreviewView.swift in Sources */,
				79530B0B2B631BE100C87FAE /* copy.swift in Sources */,
				79530B1D2B631D9A00C87FAE /* materialBackground.swift in Sources */,
				79530B222B631E3900C87FAE /* handlePlainText.swift in Sources */,
				7968AB4D2B7B1F63008317B0 /* SettingsView.swift in Sources */,
				79530B0F2B631C3B00C87FAE /* toggleSelection.swift in Sources */,
				798E95C92B68865800E1BE57 /* BoardSettingsView.swift in Sources */,
				79530B142B631CD700C87FAE /* navigateToURL.swift in Sources */,
				798E95CB2B68987900E1BE57 /* BoardViewModel.swift in Sources */,
				7952B59D2B6608EC00D73019 /* handleVideo.swift in Sources */,
				79530B122B631C9800C87FAE /* createViewModel.swift in Sources */,
				79C2E8562B677FC500ACA377 /* CoreDataStack.swift in Sources */,
				7952B59F2B660A3700D73019 /* VideoDownloadManager.swift in Sources */,
				79530B262B631E8C00C87FAE /* handleURL.swift in Sources */,
				79530B2C2B633CE700C87FAE /* handlePDF.swift in Sources */,
				79530B002B631AF200C87FAE /* removeItem.swift in Sources */,
				79530B1B2B631D7600C87FAE /* masonryView.swift in Sources */,
				79530ADF2B62FE2B00C87FAE /* BoardView.swift in Sources */,
				79530AE42B62FE8800C87FAE /* URLPreviewViewModel.swift in Sources */,
				79530AFD2B631AB800C87FAE /* addItem.swift in Sources */,
				79C2E8532B677CF300ACA377 /* Model.xcdatamodeld in Sources */,
				79BA2F5C2B64C57100AA4BF2 /* HomeView.swift in Sources */,
				79530B062B631B5D00C87FAE /* createItemProvider.swift in Sources */,
				79530B172B631D3300C87FAE /* itemActionsView.swift in Sources */,
				79530ACE2B62FDB500C87FAE /* Grabit_ProtocolBaseApp.swift in Sources */,
				79530AF12B6300B600C87FAE /* URLUtilities.swift in Sources */,
				79530B0D2B631BF500C87FAE /* handlePaste.swift in Sources */,
				79530B042B631B3E00C87FAE /* handleDragAway.swift in Sources */,
				7952B59B2B66074D00D73019 /* CustomVideoPlayerView.swift in Sources */,
				79530B242B631E4C00C87FAE /* handleImage.swift in Sources */,
				79530ADD2B62FDED00C87FAE /* Protocol.swift in Sources */,
				79530B192B631D5300C87FAE /* masonryItem.swift in Sources */,
				79530B022B631B1600C87FAE /* handleDropInto.swift in Sources */,
			);
			runOnlyForDeploymentPostprocessing = 0;
		};
/* End PBXSourcesBuildPhase section */

/* Begin XCBuildConfiguration section */
		79530AD72B62FDB600C87FAE /* Debug */ = {
			isa = XCBuildConfiguration;
			buildSettings = {
				ALWAYS_SEARCH_USER_PATHS = NO;
				ASSETCATALOG_COMPILER_GENERATE_SWIFT_ASSET_SYMBOL_EXTENSIONS = YES;
				CLANG_ANALYZER_NONNULL = YES;
				CLANG_ANALYZER_NUMBER_OBJECT_CONVERSION = YES_AGGRESSIVE;
				CLANG_CXX_LANGUAGE_STANDARD = "gnu++20";
				CLANG_ENABLE_MODULES = YES;
				CLANG_ENABLE_OBJC_ARC = YES;
				CLANG_ENABLE_OBJC_WEAK = YES;
				CLANG_WARN_BLOCK_CAPTURE_AUTORELEASING = YES;
				CLANG_WARN_BOOL_CONVERSION = YES;
				CLANG_WARN_COMMA = YES;
				CLANG_WARN_CONSTANT_CONVERSION = YES;
				CLANG_WARN_DEPRECATED_OBJC_IMPLEMENTATIONS = YES;
				CLANG_WARN_DIRECT_OBJC_ISA_USAGE = YES_ERROR;
				CLANG_WARN_DOCUMENTATION_COMMENTS = YES;
				CLANG_WARN_EMPTY_BODY = YES;
				CLANG_WARN_ENUM_CONVERSION = YES;
				CLANG_WARN_INFINITE_RECURSION = YES;
				CLANG_WARN_INT_CONVERSION = YES;
				CLANG_WARN_NON_LITERAL_NULL_CONVERSION = YES;
				CLANG_WARN_OBJC_IMPLICIT_RETAIN_SELF = YES;
				CLANG_WARN_OBJC_LITERAL_CONVERSION = YES;
				CLANG_WARN_OBJC_ROOT_CLASS = YES_ERROR;
				CLANG_WARN_QUOTED_INCLUDE_IN_FRAMEWORK_HEADER = YES;
				CLANG_WARN_RANGE_LOOP_ANALYSIS = YES;
				CLANG_WARN_STRICT_PROTOTYPES = YES;
				CLANG_WARN_SUSPICIOUS_MOVE = YES;
				CLANG_WARN_UNGUARDED_AVAILABILITY = YES_AGGRESSIVE;
				CLANG_WARN_UNREACHABLE_CODE = YES;
				CLANG_WARN__DUPLICATE_METHOD_MATCH = YES;
				COPY_PHASE_STRIP = NO;
				DEBUG_INFORMATION_FORMAT = dwarf;
				ENABLE_STRICT_OBJC_MSGSEND = YES;
				ENABLE_TESTABILITY = YES;
				ENABLE_USER_SCRIPT_SANDBOXING = YES;
				GCC_C_LANGUAGE_STANDARD = gnu17;
				GCC_DYNAMIC_NO_PIC = NO;
				GCC_NO_COMMON_BLOCKS = YES;
				GCC_OPTIMIZATION_LEVEL = 0;
				GCC_PREPROCESSOR_DEFINITIONS = (
					"DEBUG=1",
					"$(inherited)",
				);
				GCC_WARN_64_TO_32_BIT_CONVERSION = YES;
				GCC_WARN_ABOUT_RETURN_TYPE = YES_ERROR;
				GCC_WARN_UNDECLARED_SELECTOR = YES;
				GCC_WARN_UNINITIALIZED_AUTOS = YES_AGGRESSIVE;
				GCC_WARN_UNUSED_FUNCTION = YES;
				GCC_WARN_UNUSED_VARIABLE = YES;
				LOCALIZATION_PREFERS_STRING_CATALOGS = YES;
				MTL_ENABLE_DEBUG_INFO = INCLUDE_SOURCE;
				MTL_FAST_MATH = YES;
				ONLY_ACTIVE_ARCH = YES;
				SDKROOT = xros;
				SWIFT_ACTIVE_COMPILATION_CONDITIONS = "DEBUG $(inherited)";
				SWIFT_OPTIMIZATION_LEVEL = "-Onone";
				XROS_DEPLOYMENT_TARGET = 1.0;
			};
			name = Debug;
		};
		79530AD82B62FDB600C87FAE /* Release */ = {
			isa = XCBuildConfiguration;
			buildSettings = {
				ALWAYS_SEARCH_USER_PATHS = NO;
				ASSETCATALOG_COMPILER_GENERATE_SWIFT_ASSET_SYMBOL_EXTENSIONS = YES;
				CLANG_ANALYZER_NONNULL = YES;
				CLANG_ANALYZER_NUMBER_OBJECT_CONVERSION = YES_AGGRESSIVE;
				CLANG_CXX_LANGUAGE_STANDARD = "gnu++20";
				CLANG_ENABLE_MODULES = YES;
				CLANG_ENABLE_OBJC_ARC = YES;
				CLANG_ENABLE_OBJC_WEAK = YES;
				CLANG_WARN_BLOCK_CAPTURE_AUTORELEASING = YES;
				CLANG_WARN_BOOL_CONVERSION = YES;
				CLANG_WARN_COMMA = YES;
				CLANG_WARN_CONSTANT_CONVERSION = YES;
				CLANG_WARN_DEPRECATED_OBJC_IMPLEMENTATIONS = YES;
				CLANG_WARN_DIRECT_OBJC_ISA_USAGE = YES_ERROR;
				CLANG_WARN_DOCUMENTATION_COMMENTS = YES;
				CLANG_WARN_EMPTY_BODY = YES;
				CLANG_WARN_ENUM_CONVERSION = YES;
				CLANG_WARN_INFINITE_RECURSION = YES;
				CLANG_WARN_INT_CONVERSION = YES;
				CLANG_WARN_NON_LITERAL_NULL_CONVERSION = YES;
				CLANG_WARN_OBJC_IMPLICIT_RETAIN_SELF = YES;
				CLANG_WARN_OBJC_LITERAL_CONVERSION = YES;
				CLANG_WARN_OBJC_ROOT_CLASS = YES_ERROR;
				CLANG_WARN_QUOTED_INCLUDE_IN_FRAMEWORK_HEADER = YES;
				CLANG_WARN_RANGE_LOOP_ANALYSIS = YES;
				CLANG_WARN_STRICT_PROTOTYPES = YES;
				CLANG_WARN_SUSPICIOUS_MOVE = YES;
				CLANG_WARN_UNGUARDED_AVAILABILITY = YES_AGGRESSIVE;
				CLANG_WARN_UNREACHABLE_CODE = YES;
				CLANG_WARN__DUPLICATE_METHOD_MATCH = YES;
				COPY_PHASE_STRIP = NO;
				DEBUG_INFORMATION_FORMAT = "dwarf-with-dsym";
				ENABLE_NS_ASSERTIONS = NO;
				ENABLE_STRICT_OBJC_MSGSEND = YES;
				ENABLE_USER_SCRIPT_SANDBOXING = YES;
				GCC_C_LANGUAGE_STANDARD = gnu17;
				GCC_NO_COMMON_BLOCKS = YES;
				GCC_WARN_64_TO_32_BIT_CONVERSION = YES;
				GCC_WARN_ABOUT_RETURN_TYPE = YES_ERROR;
				GCC_WARN_UNDECLARED_SELECTOR = YES;
				GCC_WARN_UNINITIALIZED_AUTOS = YES_AGGRESSIVE;
				GCC_WARN_UNUSED_FUNCTION = YES;
				GCC_WARN_UNUSED_VARIABLE = YES;
				LOCALIZATION_PREFERS_STRING_CATALOGS = YES;
				MTL_ENABLE_DEBUG_INFO = NO;
				MTL_FAST_MATH = YES;
				SDKROOT = xros;
				SWIFT_COMPILATION_MODE = wholemodule;
				VALIDATE_PRODUCT = YES;
				XROS_DEPLOYMENT_TARGET = 1.0;
			};
			name = Release;
		};
		79530ADA2B62FDB600C87FAE /* Debug */ = {
			isa = XCBuildConfiguration;
			buildSettings = {
				ASSETCATALOG_COMPILER_APPICON_NAME = AppIcon;
				ASSETCATALOG_COMPILER_GLOBAL_ACCENT_COLOR_NAME = AccentColor;
				CODE_SIGN_STYLE = Automatic;
				CURRENT_PROJECT_VERSION = 3;
				DEVELOPMENT_ASSET_PATHS = "\"Grabit_ProtocolBase/Preview Content\"";
				DEVELOPMENT_TEAM = F65M2FBMBV;
				ENABLE_PREVIEWS = YES;
				GENERATE_INFOPLIST_FILE = YES;
				INFOPLIST_FILE = "$(TARGET_NAME)/Info.plist";
				INFOPLIST_KEY_CFBundleDisplayName = "Grabit!";
				INFOPLIST_KEY_LSApplicationCategoryType = "public.app-category.productivity";
				LD_RUNPATH_SEARCH_PATHS = (
					"$(inherited)",
					"@executable_path/Frameworks",
				);
				MARKETING_VERSION = 1.1;
				PRODUCT_BUNDLE_IDENTIFIER = lawlor.Grabit;
				PRODUCT_NAME = "$(TARGET_NAME)";
				SUPPORTED_PLATFORMS = "xros xrsimulator";
				SWIFT_EMIT_LOC_STRINGS = YES;
				SWIFT_VERSION = 5.0;
				TARGETED_DEVICE_FAMILY = "1,2,7";
			};
			name = Debug;
		};
		79530ADB2B62FDB600C87FAE /* Release */ = {
			isa = XCBuildConfiguration;
			buildSettings = {
				ASSETCATALOG_COMPILER_APPICON_NAME = AppIcon;
				ASSETCATALOG_COMPILER_GLOBAL_ACCENT_COLOR_NAME = AccentColor;
				CODE_SIGN_STYLE = Automatic;
				CURRENT_PROJECT_VERSION = 3;
				DEVELOPMENT_ASSET_PATHS = "\"Grabit_ProtocolBase/Preview Content\"";
				DEVELOPMENT_TEAM = F65M2FBMBV;
				ENABLE_PREVIEWS = YES;
				GENERATE_INFOPLIST_FILE = YES;
				INFOPLIST_FILE = "$(TARGET_NAME)/Info.plist";
				INFOPLIST_KEY_CFBundleDisplayName = "Grabit!";
				INFOPLIST_KEY_LSApplicationCategoryType = "public.app-category.productivity";
				LD_RUNPATH_SEARCH_PATHS = (
					"$(inherited)",
					"@executable_path/Frameworks",
				);
				MARKETING_VERSION = 1.1;
				PRODUCT_BUNDLE_IDENTIFIER = lawlor.Grabit;
				PRODUCT_NAME = "$(TARGET_NAME)";
				SUPPORTED_PLATFORMS = "xros xrsimulator";
				SWIFT_EMIT_LOC_STRINGS = YES;
				SWIFT_VERSION = 5.0;
				TARGETED_DEVICE_FAMILY = "1,2,7";
			};
			name = Release;
		};
/* End XCBuildConfiguration section */

/* Begin XCConfigurationList section */
		79530AC12B62FDB500C87FAE /* Build configuration list for PBXProject "Grabit_ProtocolBase" */ = {
			isa = XCConfigurationList;
			buildConfigurations = (
				79530AD72B62FDB600C87FAE /* Debug */,
				79530AD82B62FDB600C87FAE /* Release */,
			);
			defaultConfigurationIsVisible = 0;
			defaultConfigurationName = Release;
		};
		79530AD92B62FDB600C87FAE /* Build configuration list for PBXNativeTarget "Grabit_ProtocolBase" */ = {
			isa = XCConfigurationList;
			buildConfigurations = (
				79530ADA2B62FDB600C87FAE /* Debug */,
				79530ADB2B62FDB600C87FAE /* Release */,
			);
			defaultConfigurationIsVisible = 0;
			defaultConfigurationName = Release;
		};
/* End XCConfigurationList section */

/* Begin XCRemoteSwiftPackageReference section */
		79530AE02B62FE6400C87FAE /* XCRemoteSwiftPackageReference "SwiftUIMasonry" */ = {
			isa = XCRemoteSwiftPackageReference;
			repositoryURL = "https://github.com/ciaranrobrien/SwiftUIMasonry";
			requirement = {
				branch = main;
				kind = branch;
			};
		};
/* End XCRemoteSwiftPackageReference section */

/* Begin XCSwiftPackageProductDependency section */
		79530AE12B62FE6400C87FAE /* SwiftUIMasonry */ = {
			isa = XCSwiftPackageProductDependency;
			package = 79530AE02B62FE6400C87FAE /* XCRemoteSwiftPackageReference "SwiftUIMasonry" */;
			productName = SwiftUIMasonry;
		};
/* End XCSwiftPackageProductDependency section */

/* Begin XCVersionGroup section */
		79C2E8512B677CF300ACA377 /* Model.xcdatamodeld */ = {
			isa = XCVersionGroup;
			children = (
				79C2E8522B677CF300ACA377 /* Model.xcdatamodel */,
			);
			currentVersion = 79C2E8522B677CF300ACA377 /* Model.xcdatamodel */;
			path = Model.xcdatamodeld;
			sourceTree = "<group>";
			versionGroupType = wrapper.xcdatamodel;
		};
/* End XCVersionGroup section */
	};
	rootObject = 79530ABE2B62FDB500C87FAE /* Project object */;
}
